
Microsoft Visual Studio Solution File, Format Version 12.00
# Visual Studio Version 17
VisualStudioVersion = 17.6.33723.286
MinimumVisualStudioVersion = 10.0.40219.1
Project("{9A19103F-16F7-4668-BE54-9A1E7A4F7556}") = "AssignmentTask", "AssignmentTask\AssignmentTask.csproj", "{453BF484-D50B-4751-93A8-F7D3125C9361}"
EndProject
Project("{9A19103F-16F7-4668-BE54-9A1E7A4F7556}") = "AssignmentTask.Entity", "AssignmentTask.Entity\AssignmentTask.Entity.csproj", "{A298640B-48E4-4279-BDF5-133644D673E3}"
EndProject
Project("{9A19103F-16F7-4668-BE54-9A1E7A4F7556}") = "AssignmentTask.Repository", "AssignmentTask.Repository\AssignmentTask.Repository.csproj", "{6FEDACFE-3C0E-436F-A1A4-2A2C82920EC6}"
EndProject
Global
	GlobalSection(SolutionConfigurationPlatforms) = preSolution
		Debug|Any CPU = Debug|Any CPU
		Release|Any CPU = Release|Any CPU
	EndGlobalSection
	GlobalSection(ProjectConfigurationPlatforms) = postSolution
		{453BF484-D50B-4751-93A8-F7D3125C9361}.Debug|Any CPU.ActiveCfg = Debug|Any CPU
		{453BF484-D50B-4751-93A8-F7D3125C9361}.Debug|Any CPU.Build.0 = Debug|Any CPU
		{453BF484-D50B-4751-93A8-F7D3125C9361}.Release|Any CPU.ActiveCfg = Release|Any CPU
		{453BF484-D50B-4751-93A8-F7D3125C9361}.Release|Any CPU.Build.0 = Release|Any CPU
		{A298640B-48E4-4279-BDF5-133644D673E3}.Debug|Any CPU.ActiveCfg = Debug|Any CPU
		{A298640B-48E4-4279-BDF5-133644D673E3}.Debug|Any CPU.Build.0 = Debug|Any CPU
		{A298640B-48E4-4279-BDF5-133644D673E3}.Release|Any CPU.ActiveCfg = Release|Any CPU
		{A298640B-48E4-4279-BDF5-133644D673E3}.Release|Any CPU.Build.0 = Release|Any CPU
		{6FEDACFE-3C0E-436F-A1A4-2A2C82920EC6}.Debug|Any CPU.ActiveCfg = Debug|Any CPU
		{6FEDACFE-3C0E-436F-A1A4-2A2C82920EC6}.Debug|Any CPU.Build.0 = Debug|Any CPU
		{6FEDACFE-3C0E-436F-A1A4-2A2C82920EC6}.Release|Any CPU.ActiveCfg = Release|Any CPU
		{6FEDACFE-3C0E-436F-A1A4-2A2C82920EC6}.Release|Any CPU.Build.0 = Release|Any CPU
	EndGlobalSection
	GlobalSection(SolutionProperties) = preSolution
		HideSolutionNode = FALSE
	EndGlobalSection
	GlobalSection(ExtensibilityGlobals) = postSolution
		SolutionGuid = {78E256EC-9127-4637-90AC-19160D9FD92D}
	EndGlobalSection
EndGlobal
