
Microsoft Visual Studio Solution File, Format Version 12.00
# Visual Studio Version 17
VisualStudioVersion = 17.6.33723.286
MinimumVisualStudioVersion = 10.0.40219.1
Project("{FAE04EC0-301F-11D3-BF4B-00C04F79EFBC}") = "HalloDoc", "HalloDoc\HalloDoc.csproj", "{1B087E16-C600-4C27-A157-804637F9C628}"
EndProject
Project("{FAE04EC0-301F-11D3-BF4B-00C04F79EFBC}") = "HalloDoc.Entity", "HalloDoc.Entity\HalloDoc.Entity.csproj", "{C45A066D-D223-4B3A-B609-94585B8D1B3C}"
EndProject
Project("{FAE04EC0-301F-11D3-BF4B-00C04F79EFBC}") = "HalloDoc.Repository", "HalloDoc.Repository\HalloDoc.Repository.csproj", "{869558B5-A8B7-4226-966B-459F593FD30C}"
EndProject
Global
	GlobalSection(SolutionConfigurationPlatforms) = preSolution
		Debug|Any CPU = Debug|Any CPU
		Release|Any CPU = Release|Any CPU
	EndGlobalSection
	GlobalSection(ProjectConfigurationPlatforms) = postSolution
		{1B087E16-C600-4C27-A157-804637F9C628}.Debug|Any CPU.ActiveCfg = Debug|Any CPU
		{1B087E16-C600-4C27-A157-804637F9C628}.Debug|Any CPU.Build.0 = Debug|Any CPU
		{1B087E16-C600-4C27-A157-804637F9C628}.Release|Any CPU.ActiveCfg = Release|Any CPU
		{1B087E16-C600-4C27-A157-804637F9C628}.Release|Any CPU.Build.0 = Release|Any CPU
		{C45A066D-D223-4B3A-B609-94585B8D1B3C}.Debug|Any CPU.ActiveCfg = Debug|Any CPU
		{C45A066D-D223-4B3A-B609-94585B8D1B3C}.Debug|Any CPU.Build.0 = Debug|Any CPU
		{C45A066D-D223-4B3A-B609-94585B8D1B3C}.Release|Any CPU.ActiveCfg = Release|Any CPU
		{C45A066D-D223-4B3A-B609-94585B8D1B3C}.Release|Any CPU.Build.0 = Release|Any CPU
		{869558B5-A8B7-4226-966B-459F593FD30C}.Debug|Any CPU.ActiveCfg = Debug|Any CPU
		{869558B5-A8B7-4226-966B-459F593FD30C}.Debug|Any CPU.Build.0 = Debug|Any CPU
		{869558B5-A8B7-4226-966B-459F593FD30C}.Release|Any CPU.ActiveCfg = Release|Any CPU
		{869558B5-A8B7-4226-966B-459F593FD30C}.Release|Any CPU.Build.0 = Release|Any CPU
	EndGlobalSection
	GlobalSection(SolutionProperties) = preSolution
		HideSolutionNode = FALSE
	EndGlobalSection
	GlobalSection(ExtensibilityGlobals) = postSolution
		SolutionGuid = {FE5545EC-C69D-4645-AE8F-7129885136F9}
	EndGlobalSection
EndGlobal
